agentskills-core==0.5.0 --hash=sha256:7ee2b4ea824474d31fd340b8e99407c5dd667b1dcbd2aaa6e25e7a9b1b4fb30c --hash=sha256:581a8267356145e1b18880fa246ac007f7dddf1e52a57195d6e6669889b63a18
agentskills-fs==0.5.0 --hash=sha256:4cbbf1c582db5c53ce26c8c8eeafb1be48fd8eb390028cf1c067740647889207 --hash=sha256:a9e16dfd7d8c047863e09e8a093fd71a4752bf019c1eb6039803136a9bc82d1e
agentskills-retrieval==0.5.0 --hash=sha256:f90b6f0b63a159c6b1c087ee25289ab905e3b3676c6d613e55fa39fd64a2506a --hash=sha256:aab53aa20ac04d228f86a010697ee2fabb8409f8242cfac3a0dc0c66d92967b7
PyYAML==6.0.3 --hash=sha256:fc09d0aa354569bc501d4e787133afc08552722d3ab34836a80547331bb5d4a0 --hash=sha256:7f047e29dcae44602496db43be01ad42fc6f1cc0d8cd6c83d342306c32270196 --hash=sha256:d76623373421df22fb4cf8817020cbb7ef15c725b9d5e45f17e189bfc384190f
